
Microsoft Visual Studio Solution File, Format Version 12.00
# Visual Studio Version 16
VisualStudioVersion = 16.0.29123.88
MinimumVisualStudioVersion = 10.0.40219.1
Project("{FAE04EC0-301F-11D3-BF4B-00C04F79EFBC}") = "CodingFreak", "CodingFreak\CodingFreak.csproj", "{5BCAC64F-447C-4E21-9D5D-8943F91726AD}"
EndProject
Global
	GlobalSection(SolutionConfigurationPlatforms) = preSolution
		Debug|Any CPU = Debug|Any CPU
		Release|Any CPU = Release|Any CPU
	EndGlobalSection
	GlobalSection(ProjectConfigurationPlatforms) = postSolution
		{5BCAC64F-447C-4E21-9D5D-8943F91726AD}.Debug|Any CPU.ActiveCfg = Debug|Any CPU
		{5BCAC64F-447C-4E21-9D5D-8943F91726AD}.Debug|Any CPU.Build.0 = Debug|Any CPU
		{5BCAC64F-447C-4E21-9D5D-8943F91726AD}.Release|Any CPU.ActiveCfg = Release|Any CPU
		{5BCAC64F-447C-4E21-9D5D-8943F91726AD}.Release|Any CPU.Build.0 = Release|Any CPU
	EndGlobalSection
	GlobalSection(SolutionProperties) = preSolution
		HideSolutionNode = FALSE
	EndGlobalSection
	GlobalSection(ExtensibilityGlobals) = postSolution
		SolutionGuid = {D102FF9A-4DDC-4869-9E26-1601106043AF}
	EndGlobalSection
EndGlobal
